
Microsoft Visual Studio Solution File, Format Version 12.00
Project("{2150E333-8FDC-42A3-9474-1A3956D46DE8}") = "3.Sqs", "3.Sqs", "{AE28BEE1-B578-439A-B596-D991B9851F5A}"
EndProject
Project("{2150E333-8FDC-42A3-9474-1A3956D46DE8}") = "4.Sns", "4.Sns", "{BA648C25-CB9E-4FAA-AF91-86A37CCEA382}"
EndProject
Project("{2150E333-8FDC-42A3-9474-1A3956D46DE8}") = "5.DynamoDb", "5.DynamoDb", "{2C17779A-FD5B-4980-BEB0-4A19912178B7}"
EndProject
Project("{2150E333-8FDC-42A3-9474-1A3956D46DE8}") = "6.S3", "6.S3", "{6CC73189-9356-4EE7-B061-73D9395C30AC}"
EndProject
Project("{2150E333-8FDC-42A3-9474-1A3956D46DE8}") = "7.SecretsManager", "7.SecretsManager", "{8D27D9CA-8D14-4CD6-9827-A0837CFB03C3}"
EndProject
Project("{2150E333-8FDC-42A3-9474-1A3956D46DE8}") = "8.Lambda", "8.Lambda", "{DC84F474-F046-44B8-8D2E-BCE6A285FDF5}"
EndProject
Project("{FAE04EC0-301F-11D3-BF4B-00C04F79EFBC}") = "SqsPublishser", "3.Sqs\SqsPublishser\SqsPublishser.csproj", "{EDA1160E-323C-4249-846D-9E624B1B5C5B}"
EndProject
Project("{FAE04EC0-301F-11D3-BF4B-00C04F79EFBC}") = "SqsConsumer", "3.Sqs\SqsConsumer\SqsConsumer.csproj", "{42249D54-0779-4E60-B0E6-9323A0562005}"
EndProject
Project("{FAE04EC0-301F-11D3-BF4B-00C04F79EFBC}") = "Customers.Api", "3.Sqs\Customers.Api\Customers.Api.csproj", "{CFF0CE37-C368-4B3C-9A4D-18D576A9DB69}"
EndProject
Project("{FAE04EC0-301F-11D3-BF4B-00C04F79EFBC}") = "Customers.Consumer", "3.Sqs\Customers.Consumer\Customers.Consumer.csproj", "{F5F06E1D-A283-4A5A-AB29-8F9EF4C7DB13}"
EndProject
Project("{FAE04EC0-301F-11D3-BF4B-00C04F79EFBC}") = "SnsPublisher", "4.Sns\SnsPublisher\SnsPublisher.csproj", "{71C18F0B-5CDE-424F-A657-6D119AA32D1E}"
EndProject
Project("{FAE04EC0-301F-11D3-BF4B-00C04F79EFBC}") = "SqsConsumer", "4.Sns\SqsConsumer\SqsConsumer.csproj", "{1DF81355-0117-4117-8F7B-61068D1B0A3B}"
EndProject
Project("{FAE04EC0-301F-11D3-BF4B-00C04F79EFBC}") = "Customers.Api", "4.Sns\Customers.Api\Customers.Api.csproj", "{AE60DB56-92D5-4757-B514-89D6BFC023B8}"
EndProject
Project("{FAE04EC0-301F-11D3-BF4B-00C04F79EFBC}") = "Customers.Api", "5.DynamoDb\Customers.Api\Customers.Api.csproj", "{5D58DD88-5386-4D26-AD47-90AB66D82F00}"
EndProject
Project("{FAE04EC0-301F-11D3-BF4B-00C04F79EFBC}") = "Movies.App", "5.DynamoDb\Movies.App\Movies.App.csproj", "{B64F64C7-5920-404C-B265-BC776821737C}"
EndProject
Project("{FAE04EC0-301F-11D3-BF4B-00C04F79EFBC}") = "S3Playground", "6.S3\S3Playground\S3Playground.csproj", "{3F912B36-F5E2-4C9C-9A50-2DB1491CA28F}"
EndProject
Project("{FAE04EC0-301F-11D3-BF4B-00C04F79EFBC}") = "Customers.Api", "6.S3\Customers.Api\Customers.Api.csproj", "{F34D9038-7A16-4413-B094-05223A009CF6}"
EndProject
Project("{FAE04EC0-301F-11D3-BF4B-00C04F79EFBC}") = "SecretsManager.App", "7.SecretsManager\SecretsManager.App\SecretsManager.App.csproj", "{925A34AF-CCB7-4423-954E-9AEDCC8C86AE}"
EndProject
Global
	GlobalSection(SolutionConfigurationPlatforms) = preSolution
		Debug|Any CPU = Debug|Any CPU
		Release|Any CPU = Release|Any CPU
	EndGlobalSection
	GlobalSection(NestedProjects) = preSolution
		{EDA1160E-323C-4249-846D-9E624B1B5C5B} = {AE28BEE1-B578-439A-B596-D991B9851F5A}
		{42249D54-0779-4E60-B0E6-9323A0562005} = {AE28BEE1-B578-439A-B596-D991B9851F5A}
		{CFF0CE37-C368-4B3C-9A4D-18D576A9DB69} = {AE28BEE1-B578-439A-B596-D991B9851F5A}
		{F5F06E1D-A283-4A5A-AB29-8F9EF4C7DB13} = {AE28BEE1-B578-439A-B596-D991B9851F5A}
		{71C18F0B-5CDE-424F-A657-6D119AA32D1E} = {BA648C25-CB9E-4FAA-AF91-86A37CCEA382}
		{1DF81355-0117-4117-8F7B-61068D1B0A3B} = {BA648C25-CB9E-4FAA-AF91-86A37CCEA382}
		{AE60DB56-92D5-4757-B514-89D6BFC023B8} = {BA648C25-CB9E-4FAA-AF91-86A37CCEA382}
		{5D58DD88-5386-4D26-AD47-90AB66D82F00} = {2C17779A-FD5B-4980-BEB0-4A19912178B7}
		{B64F64C7-5920-404C-B265-BC776821737C} = {2C17779A-FD5B-4980-BEB0-4A19912178B7}
		{3F912B36-F5E2-4C9C-9A50-2DB1491CA28F} = {6CC73189-9356-4EE7-B061-73D9395C30AC}
		{F34D9038-7A16-4413-B094-05223A009CF6} = {6CC73189-9356-4EE7-B061-73D9395C30AC}
		{925A34AF-CCB7-4423-954E-9AEDCC8C86AE} = {8D27D9CA-8D14-4CD6-9827-A0837CFB03C3}
	EndGlobalSection
	GlobalSection(ProjectConfigurationPlatforms) = postSolution
		{EDA1160E-323C-4249-846D-9E624B1B5C5B}.Debug|Any CPU.ActiveCfg = Debug|Any CPU
		{EDA1160E-323C-4249-846D-9E624B1B5C5B}.Debug|Any CPU.Build.0 = Debug|Any CPU
		{EDA1160E-323C-4249-846D-9E624B1B5C5B}.Release|Any CPU.ActiveCfg = Release|Any CPU
		{EDA1160E-323C-4249-846D-9E624B1B5C5B}.Release|Any CPU.Build.0 = Release|Any CPU
		{42249D54-0779-4E60-B0E6-9323A0562005}.Debug|Any CPU.ActiveCfg = Debug|Any CPU
		{42249D54-0779-4E60-B0E6-9323A0562005}.Debug|Any CPU.Build.0 = Debug|Any CPU
		{42249D54-0779-4E60-B0E6-9323A0562005}.Release|Any CPU.ActiveCfg = Release|Any CPU
		{42249D54-0779-4E60-B0E6-9323A0562005}.Release|Any CPU.Build.0 = Release|Any CPU
		{CFF0CE37-C368-4B3C-9A4D-18D576A9DB69}.Debug|Any CPU.ActiveCfg = Debug|Any CPU
		{CFF0CE37-C368-4B3C-9A4D-18D576A9DB69}.Debug|Any CPU.Build.0 = Debug|Any CPU
		{CFF0CE37-C368-4B3C-9A4D-18D576A9DB69}.Release|Any CPU.ActiveCfg = Release|Any CPU
		{CFF0CE37-C368-4B3C-9A4D-18D576A9DB69}.Release|Any CPU.Build.0 = Release|Any CPU
		{F5F06E1D-A283-4A5A-AB29-8F9EF4C7DB13}.Debug|Any CPU.ActiveCfg = Debug|Any CPU
		{F5F06E1D-A283-4A5A-AB29-8F9EF4C7DB13}.Debug|Any CPU.Build.0 = Debug|Any CPU
		{F5F06E1D-A283-4A5A-AB29-8F9EF4C7DB13}.Release|Any CPU.ActiveCfg = Release|Any CPU
		{F5F06E1D-A283-4A5A-AB29-8F9EF4C7DB13}.Release|Any CPU.Build.0 = Release|Any CPU
		{71C18F0B-5CDE-424F-A657-6D119AA32D1E}.Debug|Any CPU.ActiveCfg = Debug|Any CPU
		{71C18F0B-5CDE-424F-A657-6D119AA32D1E}.Debug|Any CPU.Build.0 = Debug|Any CPU
		{71C18F0B-5CDE-424F-A657-6D119AA32D1E}.Release|Any CPU.ActiveCfg = Release|Any CPU
		{71C18F0B-5CDE-424F-A657-6D119AA32D1E}.Release|Any CPU.Build.0 = Release|Any CPU
		{1DF81355-0117-4117-8F7B-61068D1B0A3B}.Debug|Any CPU.ActiveCfg = Debug|Any CPU
		{1DF81355-0117-4117-8F7B-61068D1B0A3B}.Debug|Any CPU.Build.0 = Debug|Any CPU
		{1DF81355-0117-4117-8F7B-61068D1B0A3B}.Release|Any CPU.ActiveCfg = Release|Any CPU
		{1DF81355-0117-4117-8F7B-61068D1B0A3B}.Release|Any CPU.Build.0 = Release|Any CPU
		{AE60DB56-92D5-4757-B514-89D6BFC023B8}.Debug|Any CPU.ActiveCfg = Debug|Any CPU
		{AE60DB56-92D5-4757-B514-89D6BFC023B8}.Debug|Any CPU.Build.0 = Debug|Any CPU
		{AE60DB56-92D5-4757-B514-89D6BFC023B8}.Release|Any CPU.ActiveCfg = Release|Any CPU
		{AE60DB56-92D5-4757-B514-89D6BFC023B8}.Release|Any CPU.Build.0 = Release|Any CPU
		{5D58DD88-5386-4D26-AD47-90AB66D82F00}.Debug|Any CPU.ActiveCfg = Debug|Any CPU
		{5D58DD88-5386-4D26-AD47-90AB66D82F00}.Debug|Any CPU.Build.0 = Debug|Any CPU
		{5D58DD88-5386-4D26-AD47-90AB66D82F00}.Release|Any CPU.ActiveCfg = Release|Any CPU
		{5D58DD88-5386-4D26-AD47-90AB66D82F00}.Release|Any CPU.Build.0 = Release|Any CPU
		{B64F64C7-5920-404C-B265-BC776821737C}.Debug|Any CPU.ActiveCfg = Debug|Any CPU
		{B64F64C7-5920-404C-B265-BC776821737C}.Debug|Any CPU.Build.0 = Debug|Any CPU
		{B64F64C7-5920-404C-B265-BC776821737C}.Release|Any CPU.ActiveCfg = Release|Any CPU
		{B64F64C7-5920-404C-B265-BC776821737C}.Release|Any CPU.Build.0 = Release|Any CPU
		{3F912B36-F5E2-4C9C-9A50-2DB1491CA28F}.Debug|Any CPU.ActiveCfg = Debug|Any CPU
		{3F912B36-F5E2-4C9C-9A50-2DB1491CA28F}.Debug|Any CPU.Build.0 = Debug|Any CPU
		{3F912B36-F5E2-4C9C-9A50-2DB1491CA28F}.Release|Any CPU.ActiveCfg = Release|Any CPU
		{3F912B36-F5E2-4C9C-9A50-2DB1491CA28F}.Release|Any CPU.Build.0 = Release|Any CPU
		{F34D9038-7A16-4413-B094-05223A009CF6}.Debug|Any CPU.ActiveCfg = Debug|Any CPU
		{F34D9038-7A16-4413-B094-05223A009CF6}.Debug|Any CPU.Build.0 = Debug|Any CPU
		{F34D9038-7A16-4413-B094-05223A009CF6}.Release|Any CPU.ActiveCfg = Release|Any CPU
		{F34D9038-7A16-4413-B094-05223A009CF6}.Release|Any CPU.Build.0 = Release|Any CPU
		{925A34AF-CCB7-4423-954E-9AEDCC8C86AE}.Debug|Any CPU.ActiveCfg = Debug|Any CPU
		{925A34AF-CCB7-4423-954E-9AEDCC8C86AE}.Debug|Any CPU.Build.0 = Debug|Any CPU
		{925A34AF-CCB7-4423-954E-9AEDCC8C86AE}.Release|Any CPU.ActiveCfg = Release|Any CPU
		{925A34AF-CCB7-4423-954E-9AEDCC8C86AE}.Release|Any CPU.Build.0 = Release|Any CPU
	EndGlobalSection
EndGlobal
