
Microsoft Visual Studio Solution File, Format Version 12.00
Project("{2150E333-8FDC-42A3-9474-1A3956D46DE8}") = "3.Sqs", "3.Sqs", "{AE28BEE1-B578-439A-B596-D991B9851F5A}"
EndProject
Project("{2150E333-8FDC-42A3-9474-1A3956D46DE8}") = "4.Sns", "4.Sns", "{BA648C25-CB9E-4FAA-AF91-86A37CCEA382}"
EndProject
Project("{2150E333-8FDC-42A3-9474-1A3956D46DE8}") = "5.DynamoDb", "5.DynamoDb", "{2C17779A-FD5B-4980-BEB0-4A19912178B7}"
EndProject
Project("{2150E333-8FDC-42A3-9474-1A3956D46DE8}") = "6.S3", "6.S3", "{6CC73189-9356-4EE7-B061-73D9395C30AC}"
EndProject
Project("{2150E333-8FDC-42A3-9474-1A3956D46DE8}") = "7.SecretsManager", "7.SecretsManager", "{8D27D9CA-8D14-4CD6-9827-A0837CFB03C3}"
EndProject
Project("{2150E333-8FDC-42A3-9474-1A3956D46DE8}") = "8.Lambda", "8.Lambda", "{DC84F474-F046-44B8-8D2E-BCE6A285FDF5}"
EndProject
Project("{FAE04EC0-301F-11D3-BF4B-00C04F79EFBC}") = "SqsPublishser", "3.Sqs\SqsPublishser\SqsPublishser.csproj", "{EDA1160E-323C-4249-846D-9E624B1B5C5B}"
EndProject
Project("{FAE04EC0-301F-11D3-BF4B-00C04F79EFBC}") = "SqsConsumer", "3.Sqs\SqsConsumer\SqsConsumer.csproj", "{42249D54-0779-4E60-B0E6-9323A0562005}"
EndProject
Project("{FAE04EC0-301F-11D3-BF4B-00C04F79EFBC}") = "Customers.Api", "3.Sqs\Customers.Api\Customers.Api.csproj", "{CFF0CE37-C368-4B3C-9A4D-18D576A9DB69}"
EndProject
Global
	GlobalSection(SolutionConfigurationPlatforms) = preSolution
		Debug|Any CPU = Debug|Any CPU
		Release|Any CPU = Release|Any CPU
	EndGlobalSection
	GlobalSection(NestedProjects) = preSolution
		{EDA1160E-323C-4249-846D-9E624B1B5C5B} = {AE28BEE1-B578-439A-B596-D991B9851F5A}
		{42249D54-0779-4E60-B0E6-9323A0562005} = {AE28BEE1-B578-439A-B596-D991B9851F5A}
		{CFF0CE37-C368-4B3C-9A4D-18D576A9DB69} = {AE28BEE1-B578-439A-B596-D991B9851F5A}
	EndGlobalSection
	GlobalSection(ProjectConfigurationPlatforms) = postSolution
		{EDA1160E-323C-4249-846D-9E624B1B5C5B}.Debug|Any CPU.ActiveCfg = Debug|Any CPU
		{EDA1160E-323C-4249-846D-9E624B1B5C5B}.Debug|Any CPU.Build.0 = Debug|Any CPU
		{EDA1160E-323C-4249-846D-9E624B1B5C5B}.Release|Any CPU.ActiveCfg = Release|Any CPU
		{EDA1160E-323C-4249-846D-9E624B1B5C5B}.Release|Any CPU.Build.0 = Release|Any CPU
		{42249D54-0779-4E60-B0E6-9323A0562005}.Debug|Any CPU.ActiveCfg = Debug|Any CPU
		{42249D54-0779-4E60-B0E6-9323A0562005}.Debug|Any CPU.Build.0 = Debug|Any CPU
		{42249D54-0779-4E60-B0E6-9323A0562005}.Release|Any CPU.ActiveCfg = Release|Any CPU
		{42249D54-0779-4E60-B0E6-9323A0562005}.Release|Any CPU.Build.0 = Release|Any CPU
		{CFF0CE37-C368-4B3C-9A4D-18D576A9DB69}.Debug|Any CPU.ActiveCfg = Debug|Any CPU
		{CFF0CE37-C368-4B3C-9A4D-18D576A9DB69}.Debug|Any CPU.Build.0 = Debug|Any CPU
		{CFF0CE37-C368-4B3C-9A4D-18D576A9DB69}.Release|Any CPU.ActiveCfg = Release|Any CPU
		{CFF0CE37-C368-4B3C-9A4D-18D576A9DB69}.Release|Any CPU.Build.0 = Release|Any CPU
	EndGlobalSection
EndGlobal
